
Microsoft Visual Studio Solution File, Format Version 12.00
# Visual Studio Version 16
VisualStudioVersion = 16.0.32413.511
MinimumVisualStudioVersion = 10.0.40219.1
Project("{FAE04EC0-301F-11D3-BF4B-00C04F79EFBC}") = "TablePerHierarchyDataBase", "TablePerHierarchyDataBase\TablePerHierarchyDataBase.csproj", "{4978FC07-A3CB-45AB-9E04-DF68D7E9CC05}"
EndProject
Global
	GlobalSection(SolutionConfigurationPlatforms) = preSolution
		Debug|Any CPU = Debug|Any CPU
		Release|Any CPU = Release|Any CPU
	EndGlobalSection
	GlobalSection(ProjectConfigurationPlatforms) = postSolution
		{4978FC07-A3CB-45AB-9E04-DF68D7E9CC05}.Debug|Any CPU.ActiveCfg = Debug|Any CPU
		{4978FC07-A3CB-45AB-9E04-DF68D7E9CC05}.Debug|Any CPU.Build.0 = Debug|Any CPU
		{4978FC07-A3CB-45AB-9E04-DF68D7E9CC05}.Release|Any CPU.ActiveCfg = Release|Any CPU
		{4978FC07-A3CB-45AB-9E04-DF68D7E9CC05}.Release|Any CPU.Build.0 = Release|Any CPU
	EndGlobalSection
	GlobalSection(SolutionProperties) = preSolution
		HideSolutionNode = FALSE
	EndGlobalSection
	GlobalSection(ExtensibilityGlobals) = postSolution
		SolutionGuid = {D4856AF0-3428-41C0-A59C-DDF93091AF5B}
	EndGlobalSection
EndGlobal
